
Microsoft Visual Studio Solution File, Format Version 12.00
# Visual Studio Version 17
VisualStudioVersion = 17.11.35327.3
MinimumVisualStudioVersion = 10.0.40219.1
Project("{FAE04EC0-301F-11D3-BF4B-00C04F79EFBC}") = "Restaurante", "Restaurante\Restaurante.csproj", "{95F5DE01-C5BB-4159-9AC2-8BFB8A2C9B6C}"
EndProject
Global
	GlobalSection(SolutionConfigurationPlatforms) = preSolution
		Debug|Any CPU = Debug|Any CPU
		Release|Any CPU = Release|Any CPU
	EndGlobalSection
	GlobalSection(ProjectConfigurationPlatforms) = postSolution
		{95F5DE01-C5BB-4159-9AC2-8BFB8A2C9B6C}.Debug|Any CPU.ActiveCfg = Debug|Any CPU
		{95F5DE01-C5BB-4159-9AC2-8BFB8A2C9B6C}.Debug|Any CPU.Build.0 = Debug|Any CPU
		{95F5DE01-C5BB-4159-9AC2-8BFB8A2C9B6C}.Release|Any CPU.ActiveCfg = Release|Any CPU
		{95F5DE01-C5BB-4159-9AC2-8BFB8A2C9B6C}.Release|Any CPU.Build.0 = Release|Any CPU
	EndGlobalSection
	GlobalSection(SolutionProperties) = preSolution
		HideSolutionNode = FALSE
	EndGlobalSection
	GlobalSection(ExtensibilityGlobals) = postSolution
		SolutionGuid = {675DCA23-696F-4BED-9E15-AB867291A319}
	EndGlobalSection
EndGlobal
